// !$*UTF8*$!
{
	archiveVersion = 1;
	classes = {
	};
	objectVersion = 46;
	objects = {

/* Begin PBXBuildFile section */
		7540BFAE161D899900B66774 /* Icon.png in Resources */ = {isa = PBXBuildFile; fileRef = 7540BFAD161D899900B66774 /* Icon.png */; };
		7540BFB0161D899E00B66774 /* Icon@2x.png in Resources */ = {isa = PBXBuildFile; fileRef = 7540BFAF161D899E00B66774 /* Icon@2x.png */; };
		7540BFB9161D8CA200B66774 /* Default.png in Resources */ = {isa = PBXBuildFile; fileRef = 7540BFB8161D8CA200B66774 /* Default.png */; };
		7540BFBB161D8CA600B66774 /* Default@2x.png in Resources */ = {isa = PBXBuildFile; fileRef = 7540BFBA161D8CA600B66774 /* Default@2x.png */; };
		7540BFBD161D8CAA00B66774 /* Default-568h@2x.png in Resources */ = {isa = PBXBuildFile; fileRef = 7540BFBC161D8CAA00B66774 /* Default-568h@2x.png */; };
		7541C304161C515E0068D0C0 /* UIKit.framework in Frameworks */ = {isa = PBXBuildFile; fileRef = 7541C303161C515E0068D0C0 /* UIKit.framework */; };
		7541C306161C515E0068D0C0 /* Foundation.framework in Frameworks */ = {isa = PBXBuildFile; fileRef = 7541C305161C515E0068D0C0 /* Foundation.framework */; };
		7541C308161C515E0068D0C0 /* CoreGraphics.framework in Frameworks */ = {isa = PBXBuildFile; fileRef = 7541C307161C515E0068D0C0 /* CoreGraphics.framework */; };
		7541C30E161C515E0068D0C0 /* InfoPlist.strings in Resources */ = {isa = PBXBuildFile; fileRef = 7541C30C161C515E0068D0C0 /* InfoPlist.strings */; };
		7541C310161C515E0068D0C0 /* main.m in Sources */ = {isa = PBXBuildFile; fileRef = 7541C30F161C515E0068D0C0 /* main.m */; };
		7541C314161C515E0068D0C0 /* IDFAAppDelegate.m in Sources */ = {isa = PBXBuildFile; fileRef = 7541C313161C515E0068D0C0 /* IDFAAppDelegate.m */; };
		7541C31D161C515E0068D0C0 /* MainStoryboard.storyboard in Resources */ = {isa = PBXBuildFile; fileRef = 7541C31B161C515E0068D0C0 /* MainStoryboard.storyboard */; };
		7541C320161C515E0068D0C0 /* IDFAViewController.m in Sources */ = {isa = PBXBuildFile; fileRef = 7541C31F161C515E0068D0C0 /* IDFAViewController.m */; };
		7541C32A161C583A0068D0C0 /* DeviceIdentifiers.m in Sources */ = {isa = PBXBuildFile; fileRef = 7541C329161C583A0068D0C0 /* DeviceIdentifiers.m */; };
		7541C32B161C5BF20068D0C0 /* AdSupport.framework in Frameworks */ = {isa = PBXBuildFile; fileRef = 7541C326161C56BB0068D0C0 /* AdSupport.framework */; };
		7541C32E161C66F30068D0C0 /* MessageUI.framework in Frameworks */ = {isa = PBXBuildFile; fileRef = 7541C32C161C60590068D0C0 /* MessageUI.framework */; };
		75BDA0AD161CC50200B266E9 /* SystemConfiguration.framework in Frameworks */ = {isa = PBXBuildFile; fileRef = 75BDA0AC161CC50200B266E9 /* SystemConfiguration.framework */; };
		75BDA0B0161CD4FB00B266E9 /* AboutViewController.m in Sources */ = {isa = PBXBuildFile; fileRef = 75BDA0AF161CD4FB00B266E9 /* AboutViewController.m */; };
		75BDA0B5161CD82700B266E9 /* about.html in Resources */ = {isa = PBXBuildFile; fileRef = 75BDA0B4161CD82700B266E9 /* about.html */; };
		75BDA0B7161CD88700B266E9 /* info.html in Resources */ = {isa = PBXBuildFile; fileRef = 75BDA0B6161CD88700B266E9 /* info.html */; };
		75BDA0C2161CF3E500B266E9 /* icon_info.png in Resources */ = {isa = PBXBuildFile; fileRef = 75BDA0C0161CF3E500B266E9 /* icon_info.png */; };
		75BDA0C3161CF3E500B266E9 /* icon_info@2x.png in Resources */ = {isa = PBXBuildFile; fileRef = 75BDA0C1161CF3E500B266E9 /* icon_info@2x.png */; };
/* End PBXBuildFile section */

/* Begin PBXFileReference section */
		7540BFAD161D899900B66774 /* Icon.png */ = {isa = PBXFileReference; lastKnownFileType = image.png; path = Icon.png; sourceTree = "<group>"; };
		7540BFAF161D899E00B66774 /* Icon@2x.png */ = {isa = PBXFileReference; lastKnownFileType = image.png; path = "Icon@2x.png"; sourceTree = "<group>"; };
		7540BFB8161D8CA200B66774 /* Default.png */ = {isa = PBXFileReference; lastKnownFileType = image.png; path = Default.png; sourceTree = "<group>"; };
		7540BFBA161D8CA600B66774 /* Default@2x.png */ = {isa = PBXFileReference; lastKnownFileType = image.png; path = "Default@2x.png"; sourceTree = "<group>"; };
		7540BFBC161D8CAA00B66774 /* Default-568h@2x.png */ = {isa = PBXFileReference; lastKnownFileType = image.png; path = "Default-568h@2x.png"; sourceTree = "<group>"; };
		7541C2FF161C515E0068D0C0 /* IDFA.app */ = {isa = PBXFileReference; explicitFileType = wrapper.application; includeInIndex = 0; path = IDFA.app; sourceTree = BUILT_PRODUCTS_DIR; };
		7541C303161C515E0068D0C0 /* UIKit.framework */ = {isa = PBXFileReference; lastKnownFileType = wrapper.framework; name = UIKit.framework; path = System/Library/Frameworks/UIKit.framework; sourceTree = SDKROOT; };
		7541C305161C515E0068D0C0 /* Foundation.framework */ = {isa = PBXFileReference; lastKnownFileType = wrapper.framework; name = Foundation.framework; path = System/Library/Frameworks/Foundation.framework; sourceTree = SDKROOT; };
		7541C307161C515E0068D0C0 /* CoreGraphics.framework */ = {isa = PBXFileReference; lastKnownFileType = wrapper.framework; name = CoreGraphics.framework; path = System/Library/Frameworks/CoreGraphics.framework; sourceTree = SDKROOT; };
		7541C30B161C515E0068D0C0 /* IDFA-Info.plist */ = {isa = PBXFileReference; lastKnownFileType = text.plist.xml; path = "IDFA-Info.plist"; sourceTree = "<group>"; };
		7541C30D161C515E0068D0C0 /* en */ = {isa = PBXFileReference; lastKnownFileType = text.plist.strings; name = en; path = en.lproj/InfoPlist.strings; sourceTree = "<group>"; };
		7541C30F161C515E0068D0C0 /* main.m */ = {isa = PBXFileReference; lastKnownFileType = sourcecode.c.objc; path = main.m; sourceTree = "<group>"; };
		7541C311161C515E0068D0C0 /* IDFA-Prefix.pch */ = {isa = PBXFileReference; lastKnownFileType = sourcecode.c.h; path = "IDFA-Prefix.pch"; sourceTree = "<group>"; };
		7541C312161C515E0068D0C0 /* IDFAAppDelegate.h */ = {isa = PBXFileReference; lastKnownFileType = sourcecode.c.h; path = IDFAAppDelegate.h; sourceTree = "<group>"; };
		7541C313161C515E0068D0C0 /* IDFAAppDelegate.m */ = {isa = PBXFileReference; lastKnownFileType = sourcecode.c.objc; path = IDFAAppDelegate.m; sourceTree = "<group>"; };
		7541C31C161C515E0068D0C0 /* en */ = {isa = PBXFileReference; lastKnownFileType = file.storyboard; name = en; path = en.lproj/MainStoryboard.storyboard; sourceTree = "<group>"; };
		7541C31E161C515E0068D0C0 /* IDFAViewController.h */ = {isa = PBXFileReference; lastKnownFileType = sourcecode.c.h; path = IDFAViewController.h; sourceTree = "<group>"; };
		7541C31F161C515E0068D0C0 /* IDFAViewController.m */ = {isa = PBXFileReference; lastKnownFileType = sourcecode.c.objc; path = IDFAViewController.m; sourceTree = "<group>"; };
		7541C326161C56BB0068D0C0 /* AdSupport.framework */ = {isa = PBXFileReference; lastKnownFileType = wrapper.framework; name = AdSupport.framework; path = System/Library/Frameworks/AdSupport.framework; sourceTree = SDKROOT; };
		7541C328161C583A0068D0C0 /* DeviceIdentifiers.h */ = {isa = PBXFileReference; fileEncoding = 4; lastKnownFileType = sourcecode.c.h; path = DeviceIdentifiers.h; sourceTree = "<group>"; };
		7541C329161C583A0068D0C0 /* DeviceIdentifiers.m */ = {isa = PBXFileReference; fileEncoding = 4; lastKnownFileType = sourcecode.c.objc; path = DeviceIdentifiers.m; sourceTree = "<group>"; };
		7541C32C161C60590068D0C0 /* MessageUI.framework */ = {isa = PBXFileReference; lastKnownFileType = wrapper.framework; name = MessageUI.framework; path = System/Library/Frameworks/MessageUI.framework; sourceTree = SDKROOT; };
		75BDA0AC161CC50200B266E9 /* SystemConfiguration.framework */ = {isa = PBXFileReference; lastKnownFileType = wrapper.framework; name = SystemConfiguration.framework; path = System/Library/Frameworks/SystemConfiguration.framework; sourceTree = SDKROOT; };
		75BDA0AE161CD4FB00B266E9 /* AboutViewController.h */ = {isa = PBXFileReference; fileEncoding = 4; lastKnownFileType = sourcecode.c.h; path = AboutViewController.h; sourceTree = "<group>"; };
		75BDA0AF161CD4FB00B266E9 /* AboutViewController.m */ = {isa = PBXFileReference; fileEncoding = 4; lastKnownFileType = sourcecode.c.objc; path = AboutViewController.m; sourceTree = "<group>"; };
		75BDA0B4161CD82700B266E9 /* about.html */ = {isa = PBXFileReference; fileEncoding = 4; lastKnownFileType = text.html; path = about.html; sourceTree = "<group>"; };
		75BDA0B6161CD88700B266E9 /* info.html */ = {isa = PBXFileReference; fileEncoding = 4; lastKnownFileType = text.html; path = info.html; sourceTree = "<group>"; };
		75BDA0C0161CF3E500B266E9 /* icon_info.png */ = {isa = PBXFileReference; lastKnownFileType = image.png; path = icon_info.png; sourceTree = "<group>"; };
		75BDA0C1161CF3E500B266E9 /* icon_info@2x.png */ = {isa = PBXFileReference; lastKnownFileType = image.png; path = "icon_info@2x.png"; sourceTree = "<group>"; };
/* End PBXFileReference section */

/* Begin PBXFrameworksBuildPhase section */
		7541C2FC161C515E0068D0C0 /* Frameworks */ = {
			isa = PBXFrameworksBuildPhase;
			buildActionMask = 2147483647;
			files = (
				75BDA0AD161CC50200B266E9 /* SystemConfiguration.framework in Frameworks */,
				7541C32E161C66F30068D0C0 /* MessageUI.framework in Frameworks */,
				7541C32B161C5BF20068D0C0 /* AdSupport.framework in Frameworks */,
				7541C304161C515E0068D0C0 /* UIKit.framework in Frameworks */,
				7541C306161C515E0068D0C0 /* Foundation.framework in Frameworks */,
				7541C308161C515E0068D0C0 /* CoreGraphics.framework in Frameworks */,
			);
			runOnlyForDeploymentPostprocessing = 0;
		};
/* End PBXFrameworksBuildPhase section */

/* Begin PBXGroup section */
		7541C2F4161C515E0068D0C0 = {
			isa = PBXGroup;
			children = (
				7540BFBC161D8CAA00B66774 /* Default-568h@2x.png */,
				7540BFBA161D8CA600B66774 /* Default@2x.png */,
				7540BFB8161D8CA200B66774 /* Default.png */,
				7540BFAF161D899E00B66774 /* Icon@2x.png */,
				7540BFAD161D899900B66774 /* Icon.png */,
				7541C309161C515E0068D0C0 /* IDFA */,
				7541C302161C515E0068D0C0 /* Frameworks */,
				7541C300161C515E0068D0C0 /* Products */,
			);
			sourceTree = "<group>";
		};
		7541C300161C515E0068D0C0 /* Products */ = {
			isa = PBXGroup;
			children = (
				7541C2FF161C515E0068D0C0 /* IDFA.app */,
			);
			name = Products;
			sourceTree = "<group>";
		};
		7541C302161C515E0068D0C0 /* Frameworks */ = {
			isa = PBXGroup;
			children = (
				75BDA0AC161CC50200B266E9 /* SystemConfiguration.framework */,
				7541C32C161C60590068D0C0 /* MessageUI.framework */,
				7541C326161C56BB0068D0C0 /* AdSupport.framework */,
				7541C303161C515E0068D0C0 /* UIKit.framework */,
				7541C305161C515E0068D0C0 /* Foundation.framework */,
				7541C307161C515E0068D0C0 /* CoreGraphics.framework */,
			);
			name = Frameworks;
			sourceTree = "<group>";
		};
		7541C309161C515E0068D0C0 /* IDFA */ = {
			isa = PBXGroup;
			children = (
				7541C312161C515E0068D0C0 /* IDFAAppDelegate.h */,
				7541C313161C515E0068D0C0 /* IDFAAppDelegate.m */,
				7541C31B161C515E0068D0C0 /* MainStoryboard.storyboard */,
				7541C31E161C515E0068D0C0 /* IDFAViewController.h */,
				7541C31F161C515E0068D0C0 /* IDFAViewController.m */,
				75BDA0AE161CD4FB00B266E9 /* AboutViewController.h */,
				75BDA0AF161CD4FB00B266E9 /* AboutViewController.m */,
				7541C328161C583A0068D0C0 /* DeviceIdentifiers.h */,
				7541C329161C583A0068D0C0 /* DeviceIdentifiers.m */,
				75BDA0BB161CF04B00B266E9 /* HTML */,
				75BDA0BA161CF04400B266E9 /* Icons */,
				7541C30A161C515E0068D0C0 /* Supporting Files */,
			);
			path = IDFA;
			sourceTree = "<group>";
		};
		7541C30A161C515E0068D0C0 /* Supporting Files */ = {
			isa = PBXGroup;
			children = (
				7541C30B161C515E0068D0C0 /* IDFA-Info.plist */,
				7541C30C161C515E0068D0C0 /* InfoPlist.strings */,
				7541C30F161C515E0068D0C0 /* main.m */,
				7541C311161C515E0068D0C0 /* IDFA-Prefix.pch */,
			);
			name = "Supporting Files";
			sourceTree = "<group>";
		};
		75BDA0BA161CF04400B266E9 /* Icons */ = {
			isa = PBXGroup;
			children = (
				75BDA0C0161CF3E500B266E9 /* icon_info.png */,
				75BDA0C1161CF3E500B266E9 /* icon_info@2x.png */,
			);
			name = Icons;
			sourceTree = "<group>";
		};
		75BDA0BB161CF04B00B266E9 /* HTML */ = {
			isa = PBXGroup;
			children = (
				75BDA0B4161CD82700B266E9 /* about.html */,
				75BDA0B6161CD88700B266E9 /* info.html */,
			);
			name = HTML;
			sourceTree = "<group>";
		};
/* End PBXGroup section */

/* Begin PBXNativeTarget section */
		7541C2FE161C515E0068D0C0 /* IDFA */ = {
			isa = PBXNativeTarget;
			buildConfigurationList = 7541C323161C515E0068D0C0 /* Build configuration list for PBXNativeTarget "IDFA" */;
			buildPhases = (
				7541C2FB161C515E0068D0C0 /* Sources */,
				7541C2FC161C515E0068D0C0 /* Frameworks */,
				7541C2FD161C515E0068D0C0 /* Resources */,
			);
			buildRules = (
			);
			dependencies = (
			);
			name = IDFA;
			productName = IDFA;
			productReference = 7541C2FF161C515E0068D0C0 /* IDFA.app */;
			productType = "com.apple.product-type.application";
		};
/* End PBXNativeTarget section */

/* Begin PBXProject section */
		7541C2F6161C515E0068D0C0 /* Project object */ = {
			isa = PBXProject;
			attributes = {
				CLASSPREFIX = IDFA;
				LastUpgradeCheck = 0450;
				ORGANIZATIONNAME = pwalsweer;
			};
			buildConfigurationList = 7541C2F9161C515E0068D0C0 /* Build configuration list for PBXProject "IDFA" */;
			compatibilityVersion = "Xcode 3.2";
			developmentRegion = English;
			hasScannedForEncodings = 0;
			knownRegions = (
				en,
			);
			mainGroup = 7541C2F4161C515E0068D0C0;
			productRefGroup = 7541C300161C515E0068D0C0 /* Products */;
			projectDirPath = "";
			projectRoot = "";
			targets = (
				7541C2FE161C515E0068D0C0 /* IDFA */,
			);
		};
/* End PBXProject section */

/* Begin PBXResourcesBuildPhase section */
		7541C2FD161C515E0068D0C0 /* Resources */ = {
			isa = PBXResourcesBuildPhase;
			buildActionMask = 2147483647;
			files = (
				7541C30E161C515E0068D0C0 /* InfoPlist.strings in Resources */,
				7541C31D161C515E0068D0C0 /* MainStoryboard.storyboard in Resources */,
				75BDA0B5161CD82700B266E9 /* about.html in Resources */,
				75BDA0B7161CD88700B266E9 /* info.html in Resources */,
				75BDA0C2161CF3E500B266E9 /* icon_info.png in Resources */,
				75BDA0C3161CF3E500B266E9 /* icon_info@2x.png in Resources */,
				7540BFAE161D899900B66774 /* Icon.png in Resources */,
				7540BFB0161D899E00B66774 /* Icon@2x.png in Resources */,
				7540BFB9161D8CA200B66774 /* Default.png in Resources */,
				7540BFBB161D8CA600B66774 /* Default@2x.png in Resources */,
				7540BFBD161D8CAA00B66774 /* Default-568h@2x.png in Resources */,
			);
			runOnlyForDeploymentPostprocessing = 0;
		};
/* End PBXResourcesBuildPhase section */

/* Begin PBXSourcesBuildPhase section */
		7541C2FB161C515E0068D0C0 /* Sources */ = {
			isa = PBXSourcesBuildPhase;
			buildActionMask = 2147483647;
			files = (
				7541C310161C515E0068D0C0 /* main.m in Sources */,
				7541C314161C515E0068D0C0 /* IDFAAppDelegate.m in Sources */,
				7541C320161C515E0068D0C0 /* IDFAViewController.m in Sources */,
				7541C32A161C583A0068D0C0 /* DeviceIdentifiers.m in Sources */,
				75BDA0B0161CD4FB00B266E9 /* AboutViewController.m in Sources */,
			);
			runOnlyForDeploymentPostprocessing = 0;
		};
/* End PBXSourcesBuildPhase section */

/* Begin PBXVariantGroup section */
		7541C30C161C515E0068D0C0 /* InfoPlist.strings */ = {
			isa = PBXVariantGroup;
			children = (
				7541C30D161C515E0068D0C0 /* en */,
			);
			name = InfoPlist.strings;
			sourceTree = "<group>";
		};
		7541C31B161C515E0068D0C0 /* MainStoryboard.storyboard */ = {
			isa = PBXVariantGroup;
			children = (
				7541C31C161C515E0068D0C0 /* en */,
			);
			name = MainStoryboard.storyboard;
			sourceTree = "<group>";
		};
/* End PBXVariantGroup section */

/* Begin XCBuildConfiguration section */
		7541C321161C515E0068D0C0 /* Debug */ = {
			isa = XCBuildConfiguration;
			buildSettings = {
				ALWAYS_SEARCH_USER_PATHS = NO;
				CLANG_CXX_LANGUAGE_STANDARD = "gnu++0x";
				CLANG_CXX_LIBRARY = "libc++";
				CLANG_ENABLE_OBJC_ARC = YES;
				CLANG_WARN_EMPTY_BODY = YES;
				CLANG_WARN__DUPLICATE_METHOD_MATCH = YES;
				"CODE_SIGN_IDENTITY[sdk=iphoneos*]" = "iPhone Developer";
				COPY_PHASE_STRIP = NO;
				GCC_C_LANGUAGE_STANDARD = gnu99;
				GCC_DYNAMIC_NO_PIC = NO;
				GCC_OPTIMIZATION_LEVEL = 0;
				GCC_PREPROCESSOR_DEFINITIONS = (
					"DEBUG=1",
					"$(inherited)",
				);
				GCC_SYMBOLS_PRIVATE_EXTERN = NO;
				GCC_WARN_ABOUT_RETURN_TYPE = YES;
				GCC_WARN_UNINITIALIZED_AUTOS = YES;
				GCC_WARN_UNUSED_VARIABLE = YES;
				IPHONEOS_DEPLOYMENT_TARGET = 6.0;
				SDKROOT = iphoneos;
			};
			name = Debug;
		};
		7541C322161C515E0068D0C0 /* Release */ = {
			isa = XCBuildConfiguration;
			buildSettings = {
				ALWAYS_SEARCH_USER_PATHS = NO;
				CLANG_CXX_LANGUAGE_STANDARD = "gnu++0x";
				CLANG_CXX_LIBRARY = "libc++";
				CLANG_ENABLE_OBJC_ARC = YES;
				CLANG_WARN_EMPTY_BODY = YES;
				CLANG_WARN__DUPLICATE_METHOD_MATCH = YES;
				"CODE_SIGN_IDENTITY[sdk=iphoneos*]" = "iPhone Developer";
				COPY_PHASE_STRIP = YES;
				GCC_C_LANGUAGE_STANDARD = gnu99;
				GCC_WARN_ABOUT_RETURN_TYPE = YES;
				GCC_WARN_UNINITIALIZED_AUTOS = YES;
				GCC_WARN_UNUSED_VARIABLE = YES;
				IPHONEOS_DEPLOYMENT_TARGET = 6.0;
				OTHER_CFLAGS = "-DNS_BLOCK_ASSERTIONS=1";
				SDKROOT = iphoneos;
				VALIDATE_PRODUCT = YES;
			};
			name = Release;
		};
		7541C324161C515E0068D0C0 /* Debug */ = {
			isa = XCBuildConfiguration;
			buildSettings = {
				CODE_SIGN_IDENTITY = "iPhone Developer";
				GCC_PRECOMPILE_PREFIX_HEADER = YES;
				GCC_PREFIX_HEADER = "IDFA/IDFA-Prefix.pch";
				INFOPLIST_FILE = "IDFA/IDFA-Info.plist";
				IPHONEOS_DEPLOYMENT_TARGET = 6.0;
				PRODUCT_NAME = "$(TARGET_NAME)";
				PROVISIONING_PROFILE = "";
				TARGETED_DEVICE_FAMILY = 1;
				WRAPPER_EXTENSION = app;
			};
			name = Debug;
		};
		7541C325161C515E0068D0C0 /* Release */ = {
			isa = XCBuildConfiguration;
			buildSettings = {
				CODE_SIGN_IDENTITY = "iPhone Distribution";
				"CODE_SIGN_IDENTITY[sdk=iphoneos*]" = "iPhone Distribution";
				GCC_PRECOMPILE_PREFIX_HEADER = YES;
				GCC_PREFIX_HEADER = "IDFA/IDFA-Prefix.pch";
				INFOPLIST_FILE = "IDFA/IDFA-Info.plist";
				IPHONEOS_DEPLOYMENT_TARGET = 6.0;
				PRODUCT_NAME = "$(TARGET_NAME)";
				PROVISIONING_PROFILE = "";
				"PROVISIONING_PROFILE[sdk=iphoneos*]" = "";
				TARGETED_DEVICE_FAMILY = 1;
				WRAPPER_EXTENSION = app;
			};
			name = Release;
		};
/* End XCBuildConfiguration section */

/* Begin XCConfigurationList section */
		7541C2F9161C515E0068D0C0 /* Build configuration list for PBXProject "IDFA" */ = {
			isa = XCConfigurationList;
			buildConfigurations = (
				7541C321161C515E0068D0C0 /* Debug */,
				7541C322161C515E0068D0C0 /* Release */,
			);
			defaultConfigurationIsVisible = 0;
			defaultConfigurationName = Release;
		};
		7541C323161C515E0068D0C0 /* Build configuration list for PBXNativeTarget "IDFA" */ = {
			isa = XCConfigurationList;
			buildConfigurations = (
				7541C324161C515E0068D0C0 /* Debug */,
				7541C325161C515E0068D0C0 /* Release */,
			);
			defaultConfigurationIsVisible = 0;
			defaultConfigurationName = Release;
		};
/* End XCConfigurationList section */
	};
	rootObject = 7541C2F6161C515E0068D0C0 /* Project object */;
}
